# This file is generated by running "yarn install" inside your project.
# Manual changes might be lost - proceed with caution!

__metadata:
  version: 6
  cacheKey: 8

"@aws-crypto/crc32@npm:2.0.0":
  version: 2.0.0
  resolution: "@aws-crypto/crc32@npm:2.0.0"
  dependencies:
    "@aws-crypto/util": ^2.0.0
    "@aws-sdk/types": ^3.1.0
    tslib: ^1.11.1
  checksum: 88ab906da8304a430c655496e363835f3c7ca870db0dec50bb9d53ed0f446337de60c85ba7baa4528c8363bee708474785649262ebfde23a1e099eb69318b53e
  languageName: node
  linkType: hard

"@aws-crypto/ie11-detection@npm:^2.0.0":
  version: 2.0.0
  resolution: "@aws-crypto/ie11-detection@npm:2.0.0"
  dependencies:
    tslib: ^1.11.1
  checksum: dd15daa1160ecdf28b9c930dcbd7f8bc96e74d7f791134974b672f5d36182274c76db4fff414385cdb8997a8b7ade991988a571aaac3184e226e2ed6428d895f
  languageName: node
  linkType: hard

"@aws-crypto/sha256-browser@npm:2.0.0":
  version: 2.0.0
  resolution: "@aws-crypto/sha256-browser@npm:2.0.0"
  dependencies:
    "@aws-crypto/ie11-detection": ^2.0.0
    "@aws-crypto/sha256-js": ^2.0.0
    "@aws-crypto/supports-web-crypto": ^2.0.0
    "@aws-crypto/util": ^2.0.0
    "@aws-sdk/types": ^3.1.0
    "@aws-sdk/util-locate-window": ^3.0.0
    "@aws-sdk/util-utf8-browser": ^3.0.0
    tslib: ^1.11.1
  checksum: 7bc1ff042d0c53a46c0fc3824bd97fb3ed1df7dc030b8a995889471052860b8c8ade469c97866fafd8249a3144d0f48b0f1054f357e2b403606009381c4b8f0e
  languageName: node
  linkType: hard

"@aws-crypto/sha256-js@npm:2.0.0":
  version: 2.0.0
  resolution: "@aws-crypto/sha256-js@npm:2.0.0"
  dependencies:
    "@aws-crypto/util": ^2.0.0
    "@aws-sdk/types": ^3.1.0
    tslib: ^1.11.1
  checksum: e4abf9baec6bed19d380f92a999a41ac5bdd8890dfd45971d29054c298854c5b7087e7de633413f2e64618ef8238ccf4c0b75797c73063c74bbba3cb5d8b2581
  languageName: node
  linkType: hard

"@aws-crypto/sha256-js@npm:^2.0.0":
  version: 2.0.1
  resolution: "@aws-crypto/sha256-js@npm:2.0.1"
  dependencies:
    "@aws-crypto/util": ^2.0.1
    "@aws-sdk/types": ^3.1.0
    tslib: ^1.11.1
  checksum: d5f07a5dde2cde277b63e781adc3fb0d04e202f56d159b50089f3bfd8bf657db1c35e18813e2ec6c3771dfdf0d0d6eb13f36a8ad021b5db7d2bb8fdc9f06dce3
  languageName: node
  linkType: hard

"@aws-crypto/supports-web-crypto@npm:^2.0.0":
  version: 2.0.0
  resolution: "@aws-crypto/supports-web-crypto@npm:2.0.0"
  dependencies:
    tslib: ^1.11.1
  checksum: 77fad3813a5d3c495296fb836293184d32aeddacd436bf7d1b59b93d87de4cf7c0dbf862d4eaf915259edfb7b424ea05e2ceeddbaa1588a154d0c19df455c475
  languageName: node
  linkType: hard

"@aws-crypto/util@npm:^2.0.0, @aws-crypto/util@npm:^2.0.1":
  version: 2.0.1
  resolution: "@aws-crypto/util@npm:2.0.1"
  dependencies:
    "@aws-sdk/types": ^3.1.0
    "@aws-sdk/util-utf8-browser": ^3.0.0
    tslib: ^1.11.1
  checksum: 83d7edea95336869854eb98bf53416a70ee824a03c8858779abcef7b7f35813ba3ba0aaa571d87c416bdcec78b620e825fe9e65769a15d2009af0ccb279ef981
  languageName: node
  linkType: hard

"@aws-sdk/abort-controller@npm:3.127.0":
  version: 3.127.0
  resolution: "@aws-sdk/abort-controller@npm:3.127.0"
  dependencies:
    "@aws-sdk/types": 3.127.0
    tslib: ^2.3.1
  checksum: 9768573f8788db6fbed2a72a431860f6edb70a0795b78f2400993f91f471ad543e61eaca7503be949052af4ca953b23cc9b11e8bed5a3735198b65701349d759
  languageName: node
  linkType: hard

"@aws-sdk/client-kinesis@npm:^3.142.0":
  version: 3.142.0
  resolution: "@aws-sdk/client-kinesis@npm:3.142.0"
  dependencies:
    "@aws-crypto/sha256-browser": 2.0.0
    "@aws-crypto/sha256-js": 2.0.0
    "@aws-sdk/client-sts": 3.142.0
    "@aws-sdk/config-resolver": 3.130.0
    "@aws-sdk/credential-provider-node": 3.142.0
    "@aws-sdk/eventstream-serde-browser": 3.127.0
    "@aws-sdk/eventstream-serde-config-resolver": 3.127.0
    "@aws-sdk/eventstream-serde-node": 3.127.0
    "@aws-sdk/fetch-http-handler": 3.131.0
    "@aws-sdk/hash-node": 3.127.0
    "@aws-sdk/invalid-dependency": 3.127.0
    "@aws-sdk/middleware-content-length": 3.127.0
    "@aws-sdk/middleware-host-header": 3.127.0
    "@aws-sdk/middleware-logger": 3.127.0
    "@aws-sdk/middleware-recursion-detection": 3.127.0
    "@aws-sdk/middleware-retry": 3.127.0
    "@aws-sdk/middleware-serde": 3.127.0
    "@aws-sdk/middleware-signing": 3.130.0
    "@aws-sdk/middleware-stack": 3.127.0
    "@aws-sdk/middleware-user-agent": 3.127.0
    "@aws-sdk/node-config-provider": 3.127.0
    "@aws-sdk/node-http-handler": 3.127.0
    "@aws-sdk/protocol-http": 3.127.0
    "@aws-sdk/smithy-client": 3.142.0
    "@aws-sdk/types": 3.127.0
    "@aws-sdk/url-parser": 3.127.0
    "@aws-sdk/util-base64-browser": 3.109.0
    "@aws-sdk/util-base64-node": 3.55.0
    "@aws-sdk/util-body-length-browser": 3.55.0
    "@aws-sdk/util-body-length-node": 3.55.0
    "@aws-sdk/util-defaults-mode-browser": 3.142.0
    "@aws-sdk/util-defaults-mode-node": 3.142.0
    "@aws-sdk/util-user-agent-browser": 3.127.0
    "@aws-sdk/util-user-agent-node": 3.127.0
    "@aws-sdk/util-utf8-browser": 3.109.0
    "@aws-sdk/util-utf8-node": 3.109.0
    "@aws-sdk/util-waiter": 3.127.0
    tslib: ^2.3.1
  checksum: c53eec23e9b7c25c3331e0f537e92ae7bd4a1940a95d07a09e64dba1f0d0ae36490cd272fec34c936d76d7970c8058215b70c9c327c3edbde59803c4af391e66
  languageName: node
  linkType: hard

"@aws-sdk/client-sso@npm:3.142.0":
  version: 3.142.0
  resolution: "@aws-sdk/client-sso@npm:3.142.0"
  dependencies:
    "@aws-crypto/sha256-browser": 2.0.0
    "@aws-crypto/sha256-js": 2.0.0
    "@aws-sdk/config-resolver": 3.130.0
    "@aws-sdk/fetch-http-handler": 3.131.0
    "@aws-sdk/hash-node": 3.127.0
    "@aws-sdk/invalid-dependency": 3.127.0
    "@aws-sdk/middleware-content-length": 3.127.0
    "@aws-sdk/middleware-host-header": 3.127.0
    "@aws-sdk/middleware-logger": 3.127.0
    "@aws-sdk/middleware-recursion-detection": 3.127.0
    "@aws-sdk/middleware-retry": 3.127.0
    "@aws-sdk/middleware-serde": 3.127.0
    "@aws-sdk/middleware-stack": 3.127.0
    "@aws-sdk/middleware-user-agent": 3.127.0
    "@aws-sdk/node-config-provider": 3.127.0
    "@aws-sdk/node-http-handler": 3.127.0
    "@aws-sdk/protocol-http": 3.127.0
    "@aws-sdk/smithy-client": 3.142.0
    "@aws-sdk/types": 3.127.0
    "@aws-sdk/url-parser": 3.127.0
    "@aws-sdk/util-base64-browser": 3.109.0
    "@aws-sdk/util-base64-node": 3.55.0
    "@aws-sdk/util-body-length-browser": 3.55.0
    "@aws-sdk/util-body-length-node": 3.55.0
    "@aws-sdk/util-defaults-mode-browser": 3.142.0
    "@aws-sdk/util-defaults-mode-node": 3.142.0
    "@aws-sdk/util-user-agent-browser": 3.127.0
    "@aws-sdk/util-user-agent-node": 3.127.0
    "@aws-sdk/util-utf8-browser": 3.109.0
    "@aws-sdk/util-utf8-node": 3.109.0
    tslib: ^2.3.1
  checksum: dfe8d0efc12fdd6d7d7a7df9b1247a925def6ea13cb7b85f0d00cdd54e28b93c66f3ba05e7a1ef7acdd8f3865a9e4bf724fd78696731360f77c0a80c5a171660
  languageName: node
  linkType: hard

"@aws-sdk/client-sts@npm:3.142.0":
  version: 3.142.0
  resolution: "@aws-sdk/client-sts@npm:3.142.0"
  dependencies:
    "@aws-crypto/sha256-browser": 2.0.0
    "@aws-crypto/sha256-js": 2.0.0
    "@aws-sdk/config-resolver": 3.130.0
    "@aws-sdk/credential-provider-node": 3.142.0
    "@aws-sdk/fetch-http-handler": 3.131.0
    "@aws-sdk/hash-node": 3.127.0
    "@aws-sdk/invalid-dependency": 3.127.0
    "@aws-sdk/middleware-content-length": 3.127.0
    "@aws-sdk/middleware-host-header": 3.127.0
    "@aws-sdk/middleware-logger": 3.127.0
    "@aws-sdk/middleware-recursion-detection": 3.127.0
    "@aws-sdk/middleware-retry": 3.127.0
    "@aws-sdk/middleware-sdk-sts": 3.130.0
    "@aws-sdk/middleware-serde": 3.127.0
    "@aws-sdk/middleware-signing": 3.130.0
    "@aws-sdk/middleware-stack": 3.127.0
    "@aws-sdk/middleware-user-agent": 3.127.0
    "@aws-sdk/node-config-provider": 3.127.0
    "@aws-sdk/node-http-handler": 3.127.0
    "@aws-sdk/protocol-http": 3.127.0
    "@aws-sdk/smithy-client": 3.142.0
    "@aws-sdk/types": 3.127.0
    "@aws-sdk/url-parser": 3.127.0
    "@aws-sdk/util-base64-browser": 3.109.0
    "@aws-sdk/util-base64-node": 3.55.0
    "@aws-sdk/util-body-length-browser": 3.55.0
    "@aws-sdk/util-body-length-node": 3.55.0
    "@aws-sdk/util-defaults-mode-browser": 3.142.0
    "@aws-sdk/util-defaults-mode-node": 3.142.0
    "@aws-sdk/util-user-agent-browser": 3.127.0
    "@aws-sdk/util-user-agent-node": 3.127.0
    "@aws-sdk/util-utf8-browser": 3.109.0
    "@aws-sdk/util-utf8-node": 3.109.0
    entities: 2.2.0
    fast-xml-parser: 3.19.0
    tslib: ^2.3.1
  checksum: 9d2041b37e132cc4c9379d7aee6afd64e1b36d7183fd71110b2392a07c7d18562788f34383ab5f4d353c140602839066145fc44feaba5e6543c887b62a60d138
  languageName: node
  linkType: hard

"@aws-sdk/config-resolver@npm:3.130.0":
  version: 3.130.0
  resolution: "@aws-sdk/config-resolver@npm:3.130.0"
  dependencies:
    "@aws-sdk/signature-v4": 3.130.0
    "@aws-sdk/types": 3.127.0
    "@aws-sdk/util-config-provider": 3.109.0
    "@aws-sdk/util-middleware": 3.127.0
    tslib: ^2.3.1
  checksum: 33fa2be1c94fffa2a053a53a2db3402f02493cacade3aff65d70474d404d71c1825c35dd78a3d87f9434b0f4212437bc82f83f10ae7cebdcfcfb0891145ce1ce
  languageName: node
  linkType: hard

"@aws-sdk/credential-provider-env@npm:3.127.0":
  version: 3.127.0
  resolution: "@aws-sdk/credential-provider-env@npm:3.127.0"
  dependencies:
    "@aws-sdk/property-provider": 3.127.0
    "@aws-sdk/types": 3.127.0
    tslib: ^2.3.1
  checksum: e4cc8bd53b67d07f9ff0b1eae9193e8a1bffdc167a49f09d96334476f6d165652a6ff68ba306c044d4ceeb84be4181104f1452d59ff75c7a284a6fde1516556b
  languageName: node
  linkType: hard

"@aws-sdk/credential-provider-imds@npm:3.127.0":
  version: 3.127.0
  resolution: "@aws-sdk/credential-provider-imds@npm:3.127.0"
  dependencies:
    "@aws-sdk/node-config-provider": 3.127.0
    "@aws-sdk/property-provider": 3.127.0
    "@aws-sdk/types": 3.127.0
    "@aws-sdk/url-parser": 3.127.0
    tslib: ^2.3.1
  checksum: f117bd18114cfee7f9a0201cc53244957f489b780ab5f57ef1c9896a9838688ffb9c7d3a4a6db366629aff2f7a99dab95a6b149130ccb0deab25f6fc04cd9edd
  languageName: node
  linkType: hard

"@aws-sdk/credential-provider-ini@npm:3.142.0":
  version: 3.142.0
  resolution: "@aws-sdk/credential-provider-ini@npm:3.142.0"
  dependencies:
    "@aws-sdk/credential-provider-env": 3.127.0
    "@aws-sdk/credential-provider-imds": 3.127.0
    "@aws-sdk/credential-provider-sso": 3.142.0
    "@aws-sdk/credential-provider-web-identity": 3.127.0
    "@aws-sdk/property-provider": 3.127.0
    "@aws-sdk/shared-ini-file-loader": 3.127.0
    "@aws-sdk/types": 3.127.0
    tslib: ^2.3.1
  checksum: 40f6d9c77cf518a520d87023d218562342d42e6fc59cd891f184aa2a6253dcfbd664eb77341727e74aa8500b9b93f1abefe448dae281d89fe0d943b39e2f2010
  languageName: node
  linkType: hard

"@aws-sdk/credential-provider-node@npm:3.142.0":
  version: 3.142.0
  resolution: "@aws-sdk/credential-provider-node@npm:3.142.0"
  dependencies:
    "@aws-sdk/credential-provider-env": 3.127.0
    "@aws-sdk/credential-provider-imds": 3.127.0
    "@aws-sdk/credential-provider-ini": 3.142.0
    "@aws-sdk/credential-provider-process": 3.127.0
    "@aws-sdk/credential-provider-sso": 3.142.0
    "@aws-sdk/credential-provider-web-identity": 3.127.0
    "@aws-sdk/property-provider": 3.127.0
    "@aws-sdk/shared-ini-file-loader": 3.127.0
    "@aws-sdk/types": 3.127.0
    tslib: ^2.3.1
  checksum: 4bc9cee8c2d7be24cf2a8f5e9714dd0d530b5020051a703eae748a9b7385e18beb356f771e59f4f36077404a4def60f064de1766ae6503bbbc5a539b23a55a0c
  languageName: node
  linkType: hard

"@aws-sdk/credential-provider-process@npm:3.127.0":
  version: 3.127.0
  resolution: "@aws-sdk/credential-provider-process@npm:3.127.0"
  dependencies:
    "@aws-sdk/property-provider": 3.127.0
    "@aws-sdk/shared-ini-file-loader": 3.127.0
    "@aws-sdk/types": 3.127.0
    tslib: ^2.3.1
  checksum: 60becf9f7d939c11a7b8aa8b6116c37f7d8069d1049a39404ca1f839771c6da4226e58a0acea3830ec591df3949fe5c703b9cd11e42a4f0b6d4cc54c8b4127dd
  languageName: node
  linkType: hard

"@aws-sdk/credential-provider-sso@npm:3.142.0":
  version: 3.142.0
  resolution: "@aws-sdk/credential-provider-sso@npm:3.142.0"
  dependencies:
    "@aws-sdk/client-sso": 3.142.0
    "@aws-sdk/property-provider": 3.127.0
    "@aws-sdk/shared-ini-file-loader": 3.127.0
    "@aws-sdk/types": 3.127.0
    tslib: ^2.3.1
  checksum: ef83856a8eb46e4633f5b96749b35e8ebd335b7c34df20096152b7eecc12a6f29f6039d039f0115994e4657893273ab7ca41d16d2aa2f176bac29d086f6ec2ea
  languageName: node
  linkType: hard

"@aws-sdk/credential-provider-web-identity@npm:3.127.0":
  version: 3.127.0
  resolution: "@aws-sdk/credential-provider-web-identity@npm:3.127.0"
  dependencies:
    "@aws-sdk/property-provider": 3.127.0
    "@aws-sdk/types": 3.127.0
    tslib: ^2.3.1
  checksum: 359bc73eff0593e77e969a5e6506fedd93bd9e32f01043e044a5813dc445f7a5886bfac2676cabfc5c8a913dfc9c71e77fc68dfdd86ec5f1c293a342b42a13ee
  languageName: node
  linkType: hard

"@aws-sdk/eventstream-codec@npm:3.127.0":
  version: 3.127.0
  resolution: "@aws-sdk/eventstream-codec@npm:3.127.0"
  dependencies:
    "@aws-crypto/crc32": 2.0.0
    "@aws-sdk/types": 3.127.0
    "@aws-sdk/util-hex-encoding": 3.109.0
    tslib: ^2.3.1
  checksum: 4be29ae3526bde52905df33c3f075c608b3f119cdf03e782c910537a1e4f7d68f20af54beabafef31ed46b945620b8e3cc663bad43c71f98d2b53323b0cfb3d0
  languageName: node
  linkType: hard

"@aws-sdk/eventstream-serde-browser@npm:3.127.0":
  version: 3.127.0
  resolution: "@aws-sdk/eventstream-serde-browser@npm:3.127.0"
  dependencies:
    "@aws-sdk/eventstream-serde-universal": 3.127.0
    "@aws-sdk/types": 3.127.0
    tslib: ^2.3.1
  checksum: 2e6c6fd1709260471b95691c3f8abf668e9c3cffbb959f2ac0d6361599937c782f4ce6ca94f60c6b363f2d2330e349294c8421c2a6dfa37a6b0844b409e4981a
  languageName: node
  linkType: hard

"@aws-sdk/eventstream-serde-config-resolver@npm:3.127.0":
  version: 3.127.0
  resolution: "@aws-sdk/eventstream-serde-config-resolver@npm:3.127.0"
  dependencies:
    "@aws-sdk/types": 3.127.0
    tslib: ^2.3.1
  checksum: 01f916653624b82fd3d23fd76c62a8de094ead7e9b65b1ff0c40df080fbd8ccfce34abef842a2694f5f5a637a5333b9541488faa42aaab1d6b9d99318574895b
  languageName: node
  linkType: hard

"@aws-sdk/eventstream-serde-node@npm:3.127.0":
  version: 3.127.0
  resolution: "@aws-sdk/eventstream-serde-node@npm:3.127.0"
  dependencies:
    "@aws-sdk/eventstream-serde-universal": 3.127.0
    "@aws-sdk/types": 3.127.0
    tslib: ^2.3.1
  checksum: 60feea141a6b3be803a1da023cc6daa053a2a0c1520da118fcd9246a747ebf9357eb5586740c83b3f54cd1009d2fcd72c896ee29041cc6bbe6daa3a6ccb90d24
  languageName: node
  linkType: hard

"@aws-sdk/eventstream-serde-universal@npm:3.127.0":
  version: 3.127.0
  resolution: "@aws-sdk/eventstream-serde-universal@npm:3.127.0"
  dependencies:
    "@aws-sdk/eventstream-codec": 3.127.0
    "@aws-sdk/types": 3.127.0
    tslib: ^2.3.1
  checksum: f40cda470b1aac399168fa4d9b92c9de65aa10187f0ae0efad9fab39087e33b99e06086e1433e4f37955cfd57dc5273cd280fd103e0bfa0e96783a76f7cb9ddf
  languageName: node
  linkType: hard

"@aws-sdk/fetch-http-handler@npm:3.131.0":
  version: 3.131.0
  resolution: "@aws-sdk/fetch-http-handler@npm:3.131.0"
  dependencies:
    "@aws-sdk/protocol-http": 3.127.0
    "@aws-sdk/querystring-builder": 3.127.0
    "@aws-sdk/types": 3.127.0
    "@aws-sdk/util-base64-browser": 3.109.0
    tslib: ^2.3.1
  checksum: 7bd5a83b929e59b86058c7a834daa8eedc7eab7a6bdb2016ff8898637c28bf7062830b108a45d70890062aa0f15271501290c18b06926a8af1bcb8d181817600
  languageName: node
  linkType: hard

"@aws-sdk/hash-node@npm:3.127.0":
  version: 3.127.0
  resolution: "@aws-sdk/hash-node@npm:3.127.0"
  dependencies:
    "@aws-sdk/types": 3.127.0
    "@aws-sdk/util-buffer-from": 3.55.0
    tslib: ^2.3.1
  checksum: fb07d9cd29cae316a1a4c0cd448489d6e14bd386fa49b08832d015c8bbcc59cad94e21fdd2f74f8dab08e0c01e1e0cddeac47f48d89dc766d10e95a0a62e7a23
  languageName: node
  linkType: hard

"@aws-sdk/invalid-dependency@npm:3.127.0":
  version: 3.127.0
  resolution: "@aws-sdk/invalid-dependency@npm:3.127.0"
  dependencies:
    "@aws-sdk/types": 3.127.0
    tslib: ^2.3.1
  checksum: 456b675fd05716050d2dfc325f92918cbd5bbd11c90096673eb7bc66f61ef55021459e893839b8b62ac09ee320ef77924c30cb25530fa1c74b848f3989695fbd
  languageName: node
  linkType: hard

"@aws-sdk/is-array-buffer@npm:3.55.0":
  version: 3.55.0
  resolution: "@aws-sdk/is-array-buffer@npm:3.55.0"
  dependencies:
    tslib: ^2.3.1
  checksum: 527481f024166197b84a2b4859b51df9b6da4396255c19832e8fdb2f6dfc914dab8ad89433602f8d797f3f8dacc312ab8a0073b2c8e20dc85a28ad9d27aceaa7
  languageName: node
  linkType: hard

"@aws-sdk/middleware-content-length@npm:3.127.0":
  version: 3.127.0
  resolution: "@aws-sdk/middleware-content-length@npm:3.127.0"
  dependencies:
    "@aws-sdk/protocol-http": 3.127.0
    "@aws-sdk/types": 3.127.0
    tslib: ^2.3.1
  checksum: 817f74342e862bb10e871d09cf937d7bb7eb5189b2ec4b8ce7b0657c38c74b5d0b6be8143f6618e037c5a29bef624446dfd5fe0cc0ce8114d87d5eded4778074
  languageName: node
  linkType: hard

"@aws-sdk/middleware-host-header@npm:3.127.0":
  version: 3.127.0
  resolution: "@aws-sdk/middleware-host-header@npm:3.127.0"
  dependencies:
    "@aws-sdk/protocol-http": 3.127.0
    "@aws-sdk/types": 3.127.0
    tslib: ^2.3.1
  checksum: 8ec8a7f7b260c6f3608ba6500586aefd024ac859baaccca9cbea73dfa43fc95cf3a123e369798c6bbd36ed7f3eb36482b5b2a41f46b0eb1416f94d6829e92e9f
  languageName: node
  linkType: hard

"@aws-sdk/middleware-logger@npm:3.127.0":
  version: 3.127.0
  resolution: "@aws-sdk/middleware-logger@npm:3.127.0"
  dependencies:
    "@aws-sdk/types": 3.127.0
    tslib: ^2.3.1
  checksum: edc37f262bdab27bd0d1e26ed1ec1656d8257e9b9db58f45ccd0eb9ff9a39f71deb43955a843d440adce73a608a499ce7478780b774b5fb057bc4769dd7ee27d
  languageName: node
  linkType: hard

"@aws-sdk/middleware-recursion-detection@npm:3.127.0":
  version: 3.127.0
  resolution: "@aws-sdk/middleware-recursion-detection@npm:3.127.0"
  dependencies:
    "@aws-sdk/protocol-http": 3.127.0
    "@aws-sdk/types": 3.127.0
    tslib: ^2.3.1
  checksum: dd04f307c4501bc35fef048a748a5d668061725b10d7cc39143404773049687957fa046b406677ce625279c1d2161cba17b0c639cb59579fc091abd06b91a719
  languageName: node
  linkType: hard

"@aws-sdk/middleware-retry@npm:3.127.0":
  version: 3.127.0
  resolution: "@aws-sdk/middleware-retry@npm:3.127.0"
  dependencies:
    "@aws-sdk/protocol-http": 3.127.0
    "@aws-sdk/service-error-classification": 3.127.0
    "@aws-sdk/types": 3.127.0
    "@aws-sdk/util-middleware": 3.127.0
    tslib: ^2.3.1
    uuid: ^8.3.2
  checksum: 314800be7d2cc1f20314ae413c029f31ef47ffc35a0a555944c87ea278ab61dafdf63cdf339effae9de66cbde542f0e25c8c8b3acf2c0d6a9cfbe59b09f646af
  languageName: node
  linkType: hard

"@aws-sdk/middleware-sdk-sts@npm:3.130.0":
  version: 3.130.0
  resolution: "@aws-sdk/middleware-sdk-sts@npm:3.130.0"
  dependencies:
    "@aws-sdk/middleware-signing": 3.130.0
    "@aws-sdk/property-provider": 3.127.0
    "@aws-sdk/protocol-http": 3.127.0
    "@aws-sdk/signature-v4": 3.130.0
    "@aws-sdk/types": 3.127.0
    tslib: ^2.3.1
  checksum: 4c83eb02d9b8f0b18d9d24704e660463d9d15cc7881c231a1ad315681e5bdd67f70d413f00ddedbcd8c5ed337df317fa6ce366e5314b4a440269bd44c0fad514
  languageName: node
  linkType: hard

"@aws-sdk/middleware-serde@npm:3.127.0":
  version: 3.127.0
  resolution: "@aws-sdk/middleware-serde@npm:3.127.0"
  dependencies:
    "@aws-sdk/types": 3.127.0
    tslib: ^2.3.1
  checksum: ff31988f06ef1b1d006ec4231d7dd8e72d60ba43d599952c504a9657308a7a0a7ef0d5610a5e73c58f66b8b168db1235c61d9276a1ef59b7ce9227d3e9eff026
  languageName: node
  linkType: hard

"@aws-sdk/middleware-signing@npm:3.130.0":
  version: 3.130.0
  resolution: "@aws-sdk/middleware-signing@npm:3.130.0"
  dependencies:
    "@aws-sdk/property-provider": 3.127.0
    "@aws-sdk/protocol-http": 3.127.0
    "@aws-sdk/signature-v4": 3.130.0
    "@aws-sdk/types": 3.127.0
    tslib: ^2.3.1
  checksum: 74e4e480a027967cb9b0e060246e98b5d134bcc5509619b57247196337e19ae31273086a9c00bedfcab22982d5d583568b99343e7f3ea7cb5b99a8dbb89c2cde
  languageName: node
  linkType: hard

"@aws-sdk/middleware-stack@npm:3.127.0":
  version: 3.127.0
  resolution: "@aws-sdk/middleware-stack@npm:3.127.0"
  dependencies:
    tslib: ^2.3.1
  checksum: 145a44b74681590edc328bb128a8f17af2b13b3e3a0c3bd8803636bafee4370db385fdc132d20ec2b0b331f849a367cb9b8b5ec37b4a705b70156c184ca9f84c
  languageName: node
  linkType: hard

"@aws-sdk/middleware-user-agent@npm:3.127.0":
  version: 3.127.0
  resolution: "@aws-sdk/middleware-user-agent@npm:3.127.0"
  dependencies:
    "@aws-sdk/protocol-http": 3.127.0
    "@aws-sdk/types": 3.127.0
    tslib: ^2.3.1
  checksum: 2967bc7fce3f4e2ec35ee650c4fad897a4bc454884ada00031a302bfdf6d53153332e5171cc760defad2bcd7acadf6549a398bf606674f642573f2786c3741e0
  languageName: node
  linkType: hard

"@aws-sdk/node-config-provider@npm:3.127.0":
  version: 3.127.0
  resolution: "@aws-sdk/node-config-provider@npm:3.127.0"
  dependencies:
    "@aws-sdk/property-provider": 3.127.0
    "@aws-sdk/shared-ini-file-loader": 3.127.0
    "@aws-sdk/types": 3.127.0
    tslib: ^2.3.1
  checksum: 733a40d93a45258c8c94702c0c5fcd829c2fcc6e3ec4c3e4d63b77ee1b01ee6591b49216b9acd80388de238603ab0a92dd0e7a09b09c654997873e574e95e4d2
  languageName: node
  linkType: hard

"@aws-sdk/node-http-handler@npm:3.127.0":
  version: 3.127.0
  resolution: "@aws-sdk/node-http-handler@npm:3.127.0"
  dependencies:
    "@aws-sdk/abort-controller": 3.127.0
    "@aws-sdk/protocol-http": 3.127.0
    "@aws-sdk/querystring-builder": 3.127.0
    "@aws-sdk/types": 3.127.0
    tslib: ^2.3.1
  checksum: 55629edb90766ab5e62db4cd3a57751d719ddf79a1ebd9a8221fc9289509589535859337726b8ea942b96bcb356881ac1fc59707b9873270bde36da870092fab
  languageName: node
  linkType: hard

"@aws-sdk/property-provider@npm:3.127.0":
  version: 3.127.0
  resolution: "@aws-sdk/property-provider@npm:3.127.0"
  dependencies:
    "@aws-sdk/types": 3.127.0
    tslib: ^2.3.1
  checksum: e78770762fb0d5d904c0d270266cb9ef580184c0aee25d1df389bff3e66f6c4cfa2c99104488539d22fa642c6102027772b85b42a07c2a90306b0c4751a81698
  languageName: node
  linkType: hard

"@aws-sdk/protocol-http@npm:3.127.0":
  version: 3.127.0
  resolution: "@aws-sdk/protocol-http@npm:3.127.0"
  dependencies:
    "@aws-sdk/types": 3.127.0
    tslib: ^2.3.1
  checksum: 2d34deb09bd1ba4316945f441f75600aa621d8fa9021c92a91582ac299d857a64572eeb87f7306e3a06c899635dccc717e1353aa290d38665be97487b13038ee
  languageName: node
  linkType: hard

"@aws-sdk/querystring-builder@npm:3.127.0":
  version: 3.127.0
  resolution: "@aws-sdk/querystring-builder@npm:3.127.0"
  dependencies:
    "@aws-sdk/types": 3.127.0
    "@aws-sdk/util-uri-escape": 3.55.0
    tslib: ^2.3.1
  checksum: ac84867b038c530821987db9fac8aaab20dd4b0d0c9fe78caee2f5dd4e8d5b6a99b8cb7ea7816476b9b13149305aea46a2c176130b586882243a82478de35473
  languageName: node
  linkType: hard

"@aws-sdk/querystring-parser@npm:3.127.0":
  version: 3.127.0
  resolution: "@aws-sdk/querystring-parser@npm:3.127.0"
  dependencies:
    "@aws-sdk/types": 3.127.0
    tslib: ^2.3.1
  checksum: 1dcb87be1586e21cc4d98653211ab1d4f484c9a8d62be0acfbd8dde3629559e079e3ca67eb20ce6bc17a53262d5d3462eb3d701573380ea216a2dd77088cd2a5
  languageName: node
  linkType: hard

"@aws-sdk/service-error-classification@npm:3.127.0":
  version: 3.127.0
  resolution: "@aws-sdk/service-error-classification@npm:3.127.0"
  checksum: dcc743ac7a480edf56eac3861d575819edd5f181f67e603c4f6cc2291ae1f88c116dc2cab19da172a1f7dc5f62195875483c5105ac2f4076ba6caf518ab3867d
  languageName: node
  linkType: hard

"@aws-sdk/shared-ini-file-loader@npm:3.127.0":
  version: 3.127.0
  resolution: "@aws-sdk/shared-ini-file-loader@npm:3.127.0"
  dependencies:
    tslib: ^2.3.1
  checksum: fa0c8ffa5d42940778b14e8f1d8998605b5d7ea43f3c19cc9dbb02f2d552c35dabc5850a5e6d3f6af68978b2171aaec435c05c648a1ecf1c2fb81fe9a60d9702
  languageName: node
  linkType: hard

"@aws-sdk/signature-v4@npm:3.130.0":
  version: 3.130.0
  resolution: "@aws-sdk/signature-v4@npm:3.130.0"
  dependencies:
    "@aws-sdk/is-array-buffer": 3.55.0
    "@aws-sdk/types": 3.127.0
    "@aws-sdk/util-hex-encoding": 3.109.0
    "@aws-sdk/util-middleware": 3.127.0
    "@aws-sdk/util-uri-escape": 3.55.0
    tslib: ^2.3.1
  checksum: 10c63fa18db144eda63727006e812b1cd504b49e5c345c94ce45a0b4b072b82f1e5ca964468868a5351b0e795f1b2945bc2f4ef81a9fa2bad26485226958c33d
  languageName: node
  linkType: hard

"@aws-sdk/smithy-client@npm:3.142.0":
  version: 3.142.0
  resolution: "@aws-sdk/smithy-client@npm:3.142.0"
  dependencies:
    "@aws-sdk/middleware-stack": 3.127.0
    "@aws-sdk/types": 3.127.0
    tslib: ^2.3.1
  checksum: e87b04dc11b935ba6ae30d894f28cfb93894d96f19bfaa9f8656cdad85d6daf68f8067493a228e9dc4eee4fc91672254287ce2f37740d895d89806c151785280
  languageName: node
  linkType: hard

"@aws-sdk/types@npm:3.127.0, @aws-sdk/types@npm:^3.1.0":
  version: 3.127.0
  resolution: "@aws-sdk/types@npm:3.127.0"
  checksum: 35467177421fb180ca73eb85a327c814e3aaee11a8eabbf9f048d58ec4133d7205400ce2e3c3ef70d78a64a2359f1df2926e1a0e6f169a415c2896ff6dfb66d9
  languageName: node
  linkType: hard

"@aws-sdk/url-parser@npm:3.127.0":
  version: 3.127.0
  resolution: "@aws-sdk/url-parser@npm:3.127.0"
  dependencies:
    "@aws-sdk/querystring-parser": 3.127.0
    "@aws-sdk/types": 3.127.0
    tslib: ^2.3.1
  checksum: 5732f51d6fef2d26599cb186e230cd8e99c567f6efd7b3f27dc0ecdb660510a20a3384f00c5edb08d0e8e59fe3bcb5b8e368558aefbff2cf5201eaeb7caefa4a
  languageName: node
  linkType: hard

"@aws-sdk/util-base64-browser@npm:3.109.0":
  version: 3.109.0
  resolution: "@aws-sdk/util-base64-browser@npm:3.109.0"
  dependencies:
    tslib: ^2.3.1
  checksum: e4fb1dc0e5ac60320d4ba05dcf03b8e641c7a304f918df3134bf46c8ccf5b09d07ee283924a4cc4e9250fef582a2636bb4dac6ba71ee36662b2678dfe49d46b2
  languageName: node
  linkType: hard

"@aws-sdk/util-base64-node@npm:3.55.0":
  version: 3.55.0
  resolution: "@aws-sdk/util-base64-node@npm:3.55.0"
  dependencies:
    "@aws-sdk/util-buffer-from": 3.55.0
    tslib: ^2.3.1
  checksum: 4a2a58ae2e5d2d904271dd0433b9c15ca9a8e9d62e979c82159420ab8e1b573e96c8f223c951be2139cdfe49a09c478d165eff9468978883c4c5bcdfa7d9fd4b
  languageName: node
  linkType: hard

"@aws-sdk/util-body-length-browser@npm:3.55.0":
  version: 3.55.0
  resolution: "@aws-sdk/util-body-length-browser@npm:3.55.0"
  dependencies:
    tslib: ^2.3.1
  checksum: f10c9e1f052da751e762e807f23b768052e5d375d7e048d596ee1d607065ff0c0ef7004bd4fd136848b6a5646c1c69e43860aa7a3da80d90023b749530faad59
  languageName: node
  linkType: hard

"@aws-sdk/util-body-length-node@npm:3.55.0":
  version: 3.55.0
  resolution: "@aws-sdk/util-body-length-node@npm:3.55.0"
  dependencies:
    tslib: ^2.3.1
  checksum: 35ae66271b7160c53b344a2bd933b5882e9fcef4a47c579a2a9e313657da8b896ca6c674489767f75d148ea5ffb8cbde2127eae55f5f39aaa4823a7c1d98ec69
  languageName: node
  linkType: hard

"@aws-sdk/util-buffer-from@npm:3.55.0":
  version: 3.55.0
  resolution: "@aws-sdk/util-buffer-from@npm:3.55.0"
  dependencies:
    "@aws-sdk/is-array-buffer": 3.55.0
    tslib: ^2.3.1
  checksum: 0c1d72cf2369c13a8bff7d990f8e8da7f5584dcbdf1965cf50674d531b42d80661eebdbbaf968d6932760fc3f5708374a676d05485a1d02347655ea5f2423f57
  languageName: node
  linkType: hard

"@aws-sdk/util-config-provider@npm:3.109.0":
  version: 3.109.0
  resolution: "@aws-sdk/util-config-provider@npm:3.109.0"
  dependencies:
    tslib: ^2.3.1
  checksum: 99c9ef24faa555a317b46b782e211474dd9d666611e1aa76b963e93a6e7c54e32d5c20b87d9a601b9de68dfa1c7310d72667a74c335b31edb776e8494e2541af
  languageName: node
  linkType: hard

"@aws-sdk/util-defaults-mode-browser@npm:3.142.0":
  version: 3.142.0
  resolution: "@aws-sdk/util-defaults-mode-browser@npm:3.142.0"
  dependencies:
    "@aws-sdk/property-provider": 3.127.0
    "@aws-sdk/types": 3.127.0
    bowser: ^2.11.0
    tslib: ^2.3.1
  checksum: 6ead8f767c2dcc0e21be180784a9ca5b57daa905a426fac0d0aa12f79f026d2da55d83c8b29cbec5c6e7adaccad8219b300dc30913808770ff7a20f2aa45be15
  languageName: node
  linkType: hard

"@aws-sdk/util-defaults-mode-node@npm:3.142.0":
  version: 3.142.0
  resolution: "@aws-sdk/util-defaults-mode-node@npm:3.142.0"
  dependencies:
    "@aws-sdk/config-resolver": 3.130.0
    "@aws-sdk/credential-provider-imds": 3.127.0
    "@aws-sdk/node-config-provider": 3.127.0
    "@aws-sdk/property-provider": 3.127.0
    "@aws-sdk/types": 3.127.0
    tslib: ^2.3.1
  checksum: 6025ea3359a16a312d1b9bdedc761f4eabd59d274bc96290514c3d8107e89da8c365db6bc23b4fb5143de5faa89ac082d435cbc655ca4457a6d9384a4bd5b643
  languageName: node
  linkType: hard

"@aws-sdk/util-hex-encoding@npm:3.109.0":
  version: 3.109.0
  resolution: "@aws-sdk/util-hex-encoding@npm:3.109.0"
  dependencies:
    tslib: ^2.3.1
  checksum: 1c166b53d7f84c0271cb71da8ac0ef4a9bfd78f2d2d70e4a903921dd3c355a79a446fa66ff64522d87aa9c738f445fdfd527043980bea642ae3acbc7dd758edf
  languageName: node
  linkType: hard

"@aws-sdk/util-locate-window@npm:^3.0.0":
  version: 3.55.0
  resolution: "@aws-sdk/util-locate-window@npm:3.55.0"
  dependencies:
    tslib: ^2.3.1
  checksum: 5bc79779a17ae4dd5cbcc221df6e85c976a149c0868745ae58075a3c51506aeeb087dfde4b3e5179004461243b11f3a458de720ee92866c6a1b65182326259ae
  languageName: node
  linkType: hard

"@aws-sdk/util-middleware@npm:3.127.0":
  version: 3.127.0
  resolution: "@aws-sdk/util-middleware@npm:3.127.0"
  dependencies:
    tslib: ^2.3.1
  checksum: c845b1bf6339cdee9762f41c3578fafb780bf5341037d3381c4dc799ac31626031de2a80735a5edaf260da655b1ef054a950dda552aedeed4188dfe42c717e83
  languageName: node
  linkType: hard

"@aws-sdk/util-uri-escape@npm:3.55.0":
  version: 3.55.0
  resolution: "@aws-sdk/util-uri-escape@npm:3.55.0"
  dependencies:
    tslib: ^2.3.1
  checksum: fad6780856f2b42a11ce7bb1e2ea5b7a966a8f564f3d09e83dca024291ae589a0cb2a1d294812cd626346addeb292c178f84867e40f8fab6fca067bc42ad360a
  languageName: node
  linkType: hard

"@aws-sdk/util-user-agent-browser@npm:3.127.0":
  version: 3.127.0
  resolution: "@aws-sdk/util-user-agent-browser@npm:3.127.0"
  dependencies:
    "@aws-sdk/types": 3.127.0
    bowser: ^2.11.0
    tslib: ^2.3.1
  checksum: 42f08784b3f6f535516467e60897330e23b853e9ce134e9095170ef36c715aa04017b066fddf2b4830438bb00b630e7895dfcfbfaaa4d8de63d9983d9f205e25
  languageName: node
  linkType: hard

"@aws-sdk/util-user-agent-node@npm:3.127.0":
  version: 3.127.0
  resolution: "@aws-sdk/util-user-agent-node@npm:3.127.0"
  dependencies:
    "@aws-sdk/node-config-provider": 3.127.0
    "@aws-sdk/types": 3.127.0
    tslib: ^2.3.1
  peerDependencies:
    aws-crt: ">=1.0.0"
  peerDependenciesMeta:
    aws-crt:
      optional: true
  checksum: bba9cce7a775a3985b97960d64990d1b18ee39f0fdebcebd8d63f3eb951fe41f6808b9272ddafde2a4366f9e041bd10aec74aa8dba33d70101458dc8ce086ccf
  languageName: node
  linkType: hard

"@aws-sdk/util-utf8-browser@npm:3.109.0, @aws-sdk/util-utf8-browser@npm:^3.0.0":
  version: 3.109.0
  resolution: "@aws-sdk/util-utf8-browser@npm:3.109.0"
  dependencies:
    tslib: ^2.3.1
  checksum: 8311763b04261dab5995ec67abf31795f41e9c4b1ad635ed305735e14c7e3bc48e9ae349a06aab485390358a6a58e97190144ea51190983cec4ae665887b219b
  languageName: node
  linkType: hard

"@aws-sdk/util-utf8-node@npm:3.109.0":
  version: 3.109.0
  resolution: "@aws-sdk/util-utf8-node@npm:3.109.0"
  dependencies:
    "@aws-sdk/util-buffer-from": 3.55.0
    tslib: ^2.3.1
  checksum: ef706db8c0ceb014bc2fb9e5045b54369160648a9e919836132f98c5537eda82193f400fab607783ecf98a5df11b66c32256c4f2780bc689d7507ddaf2a0977b
  languageName: node
  linkType: hard

"@aws-sdk/util-waiter@npm:3.127.0":
  version: 3.127.0
  resolution: "@aws-sdk/util-waiter@npm:3.127.0"
  dependencies:
    "@aws-sdk/abort-controller": 3.127.0
    "@aws-sdk/types": 3.127.0
    tslib: ^2.3.1
  checksum: 3c27de00e943409a1fb927e450ecb7bd83cd6eb6329e0fbf51f20bd657a35571f181074f2ca1b612f87c07844be53129bf868c4acd4c734e22313197e6c70b1e
  languageName: node
  linkType: hard

"bowser@npm:^2.11.0":
  version: 2.11.0
  resolution: "bowser@npm:2.11.0"
  checksum: 29c3f01f22e703fa6644fc3b684307442df4240b6e10f6cfe1b61c6ca5721073189ca97cdeedb376081148c8518e33b1d818a57f781d70b0b70e1f31fb48814f
  languageName: node
  linkType: hard

"entities@npm:2.2.0":
  version: 2.2.0
  resolution: "entities@npm:2.2.0"
  checksum: 19010dacaf0912c895ea262b4f6128574f9ccf8d4b3b65c7e8334ad0079b3706376360e28d8843ff50a78aabcb8f08f0a32dbfacdc77e47ed77ca08b713669b3
  languageName: node
  linkType: hard

"fast-xml-parser@npm:3.19.0":
  version: 3.19.0
  resolution: "fast-xml-parser@npm:3.19.0"
  bin:
    xml2js: cli.js
  checksum: d9da9145f73d90c05ee2746d80c78eca4da0249dea8c81ea8f1a6e1245e62988ed4a040dbd1c7229b1e0bdcbf69d33c882e0ac337d10c7eedb159a4dc9779327
  languageName: node
  linkType: hard

"reader@workspace:.":
  version: 0.0.0-use.local
  resolution: "reader@workspace:."
  dependencies:
    "@aws-sdk/client-kinesis": ^3.142.0
  languageName: unknown
  linkType: soft

"tslib@npm:^1.11.1":
  version: 1.14.1
  resolution: "tslib@npm:1.14.1"
  checksum: dbe628ef87f66691d5d2959b3e41b9ca0045c3ee3c7c7b906cc1e328b39f199bb1ad9e671c39025bd56122ac57dfbf7385a94843b1cc07c60a4db74795829acd
  languageName: node
  linkType: hard

"tslib@npm:^2.3.1":
  version: 2.4.0
  resolution: "tslib@npm:2.4.0"
  checksum: 8c4aa6a3c5a754bf76aefc38026134180c053b7bd2f81338cb5e5ebf96fefa0f417bff221592bf801077f5bf990562f6264fecbc42cd3309b33872cb6fc3b113
  languageName: node
  linkType: hard

"uuid@npm:^8.3.2":
  version: 8.3.2
  resolution: "uuid@npm:8.3.2"
  bin:
    uuid: dist/bin/uuid
  checksum: 5575a8a75c13120e2f10e6ddc801b2c7ed7d8f3c8ac22c7ed0c7b2ba6383ec0abda88c905085d630e251719e0777045ae3236f04c812184b7c765f63a70e58df
  languageName: node
  linkType: hard
